// !$*UTF8*$!
{
	archiveVersion = 1;
	classes = {
	};
	objectVersion = 77;
	objects = {

/* Begin PBXBuildFile section */
		CDCD4F162CB5DC3D00D2E98F /* FirebaseAuth in Frameworks */ = {isa = PBXBuildFile; productRef = CDCD4F152CB5DC3D00D2E98F /* FirebaseAuth */; };
		CDCD4F182CB5DC3D00D2E98F /* FirebaseFirestore in Frameworks */ = {isa = PBXBuildFile; productRef = CDCD4F172CB5DC3D00D2E98F /* FirebaseFirestore */; };
		CDCD4F1A2CB5DC3D00D2E98F /* FirebaseStorage in Frameworks */ = {isa = PBXBuildFile; productRef = CDCD4F192CB5DC3D00D2E98F /* FirebaseStorage */; };
		CDCD4F1D2CB5DC6900D2E98F /* FirebaseCore in Frameworks */ = {isa = PBXBuildFile; productRef = CDCD4F1C2CB5DC6900D2E98F /* FirebaseCore */; };
/* End PBXBuildFile section */

/* Begin PBXContainerItemProxy section */
		CDCD4EF82CB5DAE700D2E98F /* PBXContainerItemProxy */ = {
			isa = PBXContainerItemProxy;
			containerPortal = CDCD4EDF2CB5DAE200D2E98F /* Project object */;
			proxyType = 1;
			remoteGlobalIDString = CDCD4EE62CB5DAE200D2E98F;
			remoteInfo = Macroify;
		};
		CDCD4F022CB5DAE700D2E98F /* PBXContainerItemProxy */ = {
			isa = PBXContainerItemProxy;
			containerPortal = CDCD4EDF2CB5DAE200D2E98F /* Project object */;
			proxyType = 1;
			remoteGlobalIDString = CDCD4EE62CB5DAE200D2E98F;
			remoteInfo = Macroify;
		};
/* End PBXContainerItemProxy section */

/* Begin PBXFileReference section */
		CDCD4EE72CB5DAE200D2E98F /* Macroify.app */ = {isa = PBXFileReference; explicitFileType = wrapper.application; includeInIndex = 0; path = Macroify.app; sourceTree = BUILT_PRODUCTS_DIR; };
		CDCD4EF72CB5DAE700D2E98F /* MacroifyTests.xctest */ = {isa = PBXFileReference; explicitFileType = wrapper.cfbundle; includeInIndex = 0; path = MacroifyTests.xctest; sourceTree = BUILT_PRODUCTS_DIR; };
		CDCD4F012CB5DAE700D2E98F /* MacroifyUITests.xctest */ = {isa = PBXFileReference; explicitFileType = wrapper.cfbundle; includeInIndex = 0; path = MacroifyUITests.xctest; sourceTree = BUILT_PRODUCTS_DIR; };
/* End PBXFileReference section */

/* Begin PBXFileSystemSynchronizedRootGroup section */
		CDCD4EE92CB5DAE200D2E98F /* Macroify */ = {
			isa = PBXFileSystemSynchronizedRootGroup;
			path = Macroify;
			sourceTree = "<group>";
		};
/* End PBXFileSystemSynchronizedRootGroup section */

/* Begin PBXFrameworksBuildPhase section */
		CDCD4EE42CB5DAE200D2E98F /* Frameworks */ = {
			isa = PBXFrameworksBuildPhase;
			buildActionMask = 2147483647;
			files = (
				CDCD4F162CB5DC3D00D2E98F /* FirebaseAuth in Frameworks */,
				CDCD4F182CB5DC3D00D2E98F /* FirebaseFirestore in Frameworks */,
				CDCD4F1D2CB5DC6900D2E98F /* FirebaseCore in Frameworks */,
				CDCD4F1A2CB5DC3D00D2E98F /* FirebaseStorage in Frameworks */,
			);
			runOnlyForDeploymentPostprocessing = 0;
		};
		CDCD4EF42CB5DAE700D2E98F /* Frameworks */ = {
			isa = PBXFrameworksBuildPhase;
			buildActionMask = 2147483647;
			files = (
			);
			runOnlyForDeploymentPostprocessing = 0;
		};
		CDCD4EFE2CB5DAE700D2E98F /* Frameworks */ = {
			isa = PBXFrameworksBuildPhase;
			buildActionMask = 2147483647;
			files = (
			);
			runOnlyForDeploymentPostprocessing = 0;
		};
/* End PBXFrameworksBuildPhase section */

/* Begin PBXGroup section */
		CDCD4EDE2CB5DAE200D2E98F = {
			isa = PBXGroup;
			children = (
				CDCD4EE92CB5DAE200D2E98F /* Macroify */,
				CDCD4F1B2CB5DC6900D2E98F /* Frameworks */,
				CDCD4EE82CB5DAE200D2E98F /* Products */,
			);
			sourceTree = "<group>";
		};
		CDCD4EE82CB5DAE200D2E98F /* Products */ = {
			isa = PBXGroup;
			children = (
				CDCD4EE72CB5DAE200D2E98F /* Macroify.app */,
				CDCD4EF72CB5DAE700D2E98F /* MacroifyTests.xctest */,
				CDCD4F012CB5DAE700D2E98F /* MacroifyUITests.xctest */,
			);
			name = Products;
			sourceTree = "<group>";
		};
		CDCD4F1B2CB5DC6900D2E98F /* Frameworks */ = {
			isa = PBXGroup;
			children = (
			);
			name = Frameworks;
			sourceTree = "<group>";
		};
/* End PBXGroup section */

/* Begin PBXNativeTarget section */
		CDCD4EE62CB5DAE200D2E98F /* Macroify */ = {
			isa = PBXNativeTarget;
			buildConfigurationList = CDCD4F0B2CB5DAE700D2E98F /* Build configuration list for PBXNativeTarget "Macroify" */;
			buildPhases = (
				CDCD4EE32CB5DAE200D2E98F /* Sources */,
				CDCD4EE42CB5DAE200D2E98F /* Frameworks */,
				CDCD4EE52CB5DAE200D2E98F /* Resources */,
			);
			buildRules = (
			);
			dependencies = (
			);
			fileSystemSynchronizedGroups = (
				CDCD4EE92CB5DAE200D2E98F /* Macroify */,
			);
			name = Macroify;
			packageProductDependencies = (
				CDCD4F152CB5DC3D00D2E98F /* FirebaseAuth */,
				CDCD4F172CB5DC3D00D2E98F /* FirebaseFirestore */,
				CDCD4F192CB5DC3D00D2E98F /* FirebaseStorage */,
				CDCD4F1C2CB5DC6900D2E98F /* FirebaseCore */,
			);
			productName = Macroify;
			productReference = CDCD4EE72CB5DAE200D2E98F /* Macroify.app */;
			productType = "com.apple.product-type.application";
		};
		CDCD4EF62CB5DAE700D2E98F /* MacroifyTests */ = {
			isa = PBXNativeTarget;
			buildConfigurationList = CDCD4F0E2CB5DAE700D2E98F /* Build configuration list for PBXNativeTarget "MacroifyTests" */;
			buildPhases = (
				CDCD4EF32CB5DAE700D2E98F /* Sources */,
				CDCD4EF42CB5DAE700D2E98F /* Frameworks */,
				CDCD4EF52CB5DAE700D2E98F /* Resources */,
			);
			buildRules = (
			);
			dependencies = (
				CDCD4EF92CB5DAE700D2E98F /* PBXTargetDependency */,
			);
			name = MacroifyTests;
			packageProductDependencies = (
			);
			productName = MacroifyTests;
			productReference = CDCD4EF72CB5DAE700D2E98F /* MacroifyTests.xctest */;
			productType = "com.apple.product-type.bundle.unit-test";
		};
		CDCD4F002CB5DAE700D2E98F /* MacroifyUITests */ = {
			isa = PBXNativeTarget;
			buildConfigurationList = CDCD4F112CB5DAE700D2E98F /* Build configuration list for PBXNativeTarget "MacroifyUITests" */;
			buildPhases = (
				CDCD4EFD2CB5DAE700D2E98F /* Sources */,
				CDCD4EFE2CB5DAE700D2E98F /* Frameworks */,
				CDCD4EFF2CB5DAE700D2E98F /* Resources */,
			);
			buildRules = (
			);
			dependencies = (
				CDCD4F032CB5DAE700D2E98F /* PBXTargetDependency */,
			);
			name = MacroifyUITests;
			packageProductDependencies = (
			);
			productName = MacroifyUITests;
			productReference = CDCD4F012CB5DAE700D2E98F /* MacroifyUITests.xctest */;
			productType = "com.apple.product-type.bundle.ui-testing";
		};
/* End PBXNativeTarget section */

/* Begin PBXProject section */
		CDCD4EDF2CB5DAE200D2E98F /* Project object */ = {
			isa = PBXProject;
			attributes = {
				BuildIndependentTargetsInParallel = 1;
				LastSwiftUpdateCheck = 1600;
				LastUpgradeCheck = 1600;
				TargetAttributes = {
					CDCD4EE62CB5DAE200D2E98F = {
						CreatedOnToolsVersion = 16.0;
					};
					CDCD4EF62CB5DAE700D2E98F = {
						CreatedOnToolsVersion = 16.0;
						TestTargetID = CDCD4EE62CB5DAE200D2E98F;
					};
					CDCD4F002CB5DAE700D2E98F = {
						CreatedOnToolsVersion = 16.0;
						TestTargetID = CDCD4EE62CB5DAE200D2E98F;
					};
				};
			};
			buildConfigurationList = CDCD4EE22CB5DAE200D2E98F /* Build configuration list for PBXProject "Macroify" */;
			developmentRegion = en;
			hasScannedForEncodings = 0;
			knownRegions = (
				en,
				Base,
			);
			mainGroup = CDCD4EDE2CB5DAE200D2E98F;
			minimizedProjectReferenceProxies = 1;
			packageReferences = (
				CDCD4F142CB5DC3D00D2E98F /* XCRemoteSwiftPackageReference "firebase-ios-sdk" */,
			);
			preferredProjectObjectVersion = 77;
			productRefGroup = CDCD4EE82CB5DAE200D2E98F /* Products */;
			projectDirPath = "";
			projectRoot = "";
			targets = (
				CDCD4EE62CB5DAE200D2E98F /* Macroify */,
				CDCD4EF62CB5DAE700D2E98F /* MacroifyTests */,
				CDCD4F002CB5DAE700D2E98F /* MacroifyUITests */,
			);
		};
/* End PBXProject section */

/* Begin PBXResourcesBuildPhase section */
		CDCD4EE52CB5DAE200D2E98F /* Resources */ = {
			isa = PBXResourcesBuildPhase;
			buildActionMask = 2147483647;
			files = (
			);
			runOnlyForDeploymentPostprocessing = 0;
		};
		CDCD4EF52CB5DAE700D2E98F /* Resources */ = {
			isa = PBXResourcesBuildPhase;
			buildActionMask = 2147483647;
			files = (
			);
			runOnlyForDeploymentPostprocessing = 0;
		};
		CDCD4EFF2CB5DAE700D2E98F /* Resources */ = {
			isa = PBXResourcesBuildPhase;
			buildActionMask = 2147483647;
			files = (
			);
			runOnlyForDeploymentPostprocessing = 0;
		};
/* End PBXResourcesBuildPhase section */

/* Begin PBXSourcesBuildPhase section */
		CDCD4EE32CB5DAE200D2E98F /* Sources */ = {
			isa = PBXSourcesBuildPhase;
			buildActionMask = 2147483647;
			files = (
			);
			runOnlyForDeploymentPostprocessing = 0;
		};
		CDCD4EF32CB5DAE700D2E98F /* Sources */ = {
			isa = PBXSourcesBuildPhase;
			buildActionMask = 2147483647;
			files = (
			);
			runOnlyForDeploymentPostprocessing = 0;
		};
		CDCD4EFD2CB5DAE700D2E98F /* Sources */ = {
			isa = PBXSourcesBuildPhase;
			buildActionMask = 2147483647;
			files = (
			);
			runOnlyForDeploymentPostprocessing = 0;
		};
/* End PBXSourcesBuildPhase section */

/* Begin PBXTargetDependency section */
		CDCD4EF92CB5DAE700D2E98F /* PBXTargetDependency */ = {
			isa = PBXTargetDependency;
			target = CDCD4EE62CB5DAE200D2E98F /* Macroify */;
			targetProxy = CDCD4EF82CB5DAE700D2E98F /* PBXContainerItemProxy */;
		};
		CDCD4F032CB5DAE700D2E98F /* PBXTargetDependency */ = {
			isa = PBXTargetDependency;
			target = CDCD4EE62CB5DAE200D2E98F /* Macroify */;
			targetProxy = CDCD4F022CB5DAE700D2E98F /* PBXContainerItemProxy */;
		};
/* End PBXTargetDependency section */

/* Begin XCBuildConfiguration section */
		CDCD4F092CB5DAE700D2E98F /* Debug */ = {
			isa = XCBuildConfiguration;
			buildSettings = {
				ALWAYS_SEARCH_USER_PATHS = NO;
				ASSETCATALOG_COMPILER_GENERATE_SWIFT_ASSET_SYMBOL_EXTENSIONS = YES;
				CLANG_ANALYZER_NONNULL = YES;
				CLANG_ANALYZER_NUMBER_OBJECT_CONVERSION = YES_AGGRESSIVE;
				CLANG_CXX_LANGUAGE_STANDARD = "gnu++20";
				CLANG_ENABLE_MODULES = YES;
				CLANG_ENABLE_OBJC_ARC = YES;
				CLANG_ENABLE_OBJC_WEAK = YES;
				CLANG_WARN_BLOCK_CAPTURE_AUTORELEASING = YES;
				CLANG_WARN_BOOL_CONVERSION = YES;
				CLANG_WARN_COMMA = YES;
				CLANG_WARN_CONSTANT_CONVERSION = YES;
				CLANG_WARN_DEPRECATED_OBJC_IMPLEMENTATIONS = YES;
				CLANG_WARN_DIRECT_OBJC_ISA_USAGE = YES_ERROR;
				CLANG_WARN_DOCUMENTATION_COMMENTS = YES;
				CLANG_WARN_EMPTY_BODY = YES;
				CLANG_WARN_ENUM_CONVERSION = YES;
				CLANG_WARN_INFINITE_RECURSION = YES;
				CLANG_WARN_INT_CONVERSION = YES;
				CLANG_WARN_NON_LITERAL_NULL_CONVERSION = YES;
				CLANG_WARN_OBJC_IMPLICIT_RETAIN_SELF = YES;
				CLANG_WARN_OBJC_LITERAL_CONVERSION = YES;
				CLANG_WARN_OBJC_ROOT_CLASS = YES_ERROR;
				CLANG_WARN_QUOTED_INCLUDE_IN_FRAMEWORK_HEADER = YES;
				CLANG_WARN_RANGE_LOOP_ANALYSIS = YES;
				CLANG_WARN_STRICT_PROTOTYPES = YES;
				CLANG_WARN_SUSPICIOUS_MOVE = YES;
				CLANG_WARN_UNGUARDED_AVAILABILITY = YES_AGGRESSIVE;
				CLANG_WARN_UNREACHABLE_CODE = YES;
				CLANG_WARN__DUPLICATE_METHOD_MATCH = YES;
				COPY_PHASE_STRIP = NO;
				DEBUG_INFORMATION_FORMAT = dwarf;
				ENABLE_STRICT_OBJC_MSGSEND = YES;
				ENABLE_TESTABILITY = YES;
				ENABLE_USER_SCRIPT_SANDBOXING = YES;
				GCC_C_LANGUAGE_STANDARD = gnu17;
				GCC_DYNAMIC_NO_PIC = NO;
				GCC_NO_COMMON_BLOCKS = YES;
				GCC_OPTIMIZATION_LEVEL = 0;
				GCC_PREPROCESSOR_DEFINITIONS = (
					"DEBUG=1",
					"$(inherited)",
				);
				GCC_WARN_64_TO_32_BIT_CONVERSION = YES;
				GCC_WARN_ABOUT_RETURN_TYPE = YES_ERROR;
				GCC_WARN_UNDECLARED_SELECTOR = YES;
				GCC_WARN_UNINITIALIZED_AUTOS = YES_AGGRESSIVE;
				GCC_WARN_UNUSED_FUNCTION = YES;
				GCC_WARN_UNUSED_VARIABLE = YES;
				IPHONEOS_DEPLOYMENT_TARGET = 18.0;
				LOCALIZATION_PREFERS_STRING_CATALOGS = YES;
				MTL_ENABLE_DEBUG_INFO = INCLUDE_SOURCE;
				MTL_FAST_MATH = YES;
				ONLY_ACTIVE_ARCH = YES;
				SDKROOT = iphoneos;
				SWIFT_ACTIVE_COMPILATION_CONDITIONS = "DEBUG $(inherited)";
				SWIFT_OPTIMIZATION_LEVEL = "-Onone";
			};
			name = Debug;
		};
		CDCD4F0A2CB5DAE700D2E98F /* Release */ = {
			isa = XCBuildConfiguration;
			buildSettings = {
				ALWAYS_SEARCH_USER_PATHS = NO;
				ASSETCATALOG_COMPILER_GENERATE_SWIFT_ASSET_SYMBOL_EXTENSIONS = YES;
				CLANG_ANALYZER_NONNULL = YES;
				CLANG_ANALYZER_NUMBER_OBJECT_CONVERSION = YES_AGGRESSIVE;
				CLANG_CXX_LANGUAGE_STANDARD = "gnu++20";
				CLANG_ENABLE_MODULES = YES;
				CLANG_ENABLE_OBJC_ARC = YES;
				CLANG_ENABLE_OBJC_WEAK = YES;
				CLANG_WARN_BLOCK_CAPTURE_AUTORELEASING = YES;
				CLANG_WARN_BOOL_CONVERSION = YES;
				CLANG_WARN_COMMA = YES;
				CLANG_WARN_CONSTANT_CONVERSION = YES;
				CLANG_WARN_DEPRECATED_OBJC_IMPLEMENTATIONS = YES;
				CLANG_WARN_DIRECT_OBJC_ISA_USAGE = YES_ERROR;
				CLANG_WARN_DOCUMENTATION_COMMENTS = YES;
				CLANG_WARN_EMPTY_BODY = YES;
				CLANG_WARN_ENUM_CONVERSION = YES;
				CLANG_WARN_INFINITE_RECURSION = YES;
				CLANG_WARN_INT_CONVERSION = YES;
				CLANG_WARN_NON_LITERAL_NULL_CONVERSION = YES;
				CLANG_WARN_OBJC_IMPLICIT_RETAIN_SELF = YES;
				CLANG_WARN_OBJC_LITERAL_CONVERSION = YES;
				CLANG_WARN_OBJC_ROOT_CLASS = YES_ERROR;
				CLANG_WARN_QUOTED_INCLUDE_IN_FRAMEWORK_HEADER = YES;
				CLANG_WARN_RANGE_LOOP_ANALYSIS = YES;
				CLANG_WARN_STRICT_PROTOTYPES = YES;
				CLANG_WARN_SUSPICIOUS_MOVE = YES;
				CLANG_WARN_UNGUARDED_AVAILABILITY = YES_AGGRESSIVE;
				CLANG_WARN_UNREACHABLE_CODE = YES;
				CLANG_WARN__DUPLICATE_METHOD_MATCH = YES;
				COPY_PHASE_STRIP = NO;
				DEBUG_INFORMATION_FORMAT = "dwarf-with-dsym";
				ENABLE_NS_ASSERTIONS = NO;
				ENABLE_STRICT_OBJC_MSGSEND = YES;
				ENABLE_USER_SCRIPT_SANDBOXING = YES;
				GCC_C_LANGUAGE_STANDARD = gnu17;
				GCC_NO_COMMON_BLOCKS = YES;
				GCC_WARN_64_TO_32_BIT_CONVERSION = YES;
				GCC_WARN_ABOUT_RETURN_TYPE = YES_ERROR;
				GCC_WARN_UNDECLARED_SELECTOR = YES;
				GCC_WARN_UNINITIALIZED_AUTOS = YES_AGGRESSIVE;
				GCC_WARN_UNUSED_FUNCTION = YES;
				GCC_WARN_UNUSED_VARIABLE = YES;
				IPHONEOS_DEPLOYMENT_TARGET = 18.0;
				LOCALIZATION_PREFERS_STRING_CATALOGS = YES;
				MTL_ENABLE_DEBUG_INFO = NO;
				MTL_FAST_MATH = YES;
				SDKROOT = iphoneos;
				SWIFT_COMPILATION_MODE = wholemodule;
				VALIDATE_PRODUCT = YES;
			};
			name = Release;
		};
		CDCD4F0C2CB5DAE700D2E98F /* Debug */ = {
			isa = XCBuildConfiguration;
			buildSettings = {
				ASSETCATALOG_COMPILER_APPICON_NAME = AppIcon;
				ASSETCATALOG_COMPILER_GLOBAL_ACCENT_COLOR_NAME = AccentColor;
				CODE_SIGN_STYLE = Automatic;
				CURRENT_PROJECT_VERSION = 1;
				DEVELOPMENT_ASSET_PATHS = "\"Macroify/Preview Content\"";
				DEVELOPMENT_TEAM = MZGVVRYJXL;
				ENABLE_PREVIEWS = YES;
				GENERATE_INFOPLIST_FILE = YES;
				INFOPLIST_KEY_UIApplicationSceneManifest_Generation = YES;
				INFOPLIST_KEY_UIApplicationSupportsIndirectInputEvents = YES;
				INFOPLIST_KEY_UILaunchScreen_Generation = YES;
				INFOPLIST_KEY_UISupportedInterfaceOrientations_iPad = "UIInterfaceOrientationPortrait UIInterfaceOrientationPortraitUpsideDown UIInterfaceOrientationLandscapeLeft UIInterfaceOrientationLandscapeRight";
				INFOPLIST_KEY_UISupportedInterfaceOrientations_iPhone = "UIInterfaceOrientationPortrait UIInterfaceOrientationLandscapeLeft UIInterfaceOrientationLandscapeRight";
				LD_RUNPATH_SEARCH_PATHS = (
					"$(inherited)",
					"@executable_path/Frameworks",
				);
				MARKETING_VERSION = 1.0;
				PRODUCT_BUNDLE_IDENTIFIER = abraham.Macroify;
				PRODUCT_NAME = "$(TARGET_NAME)";
				SWIFT_EMIT_LOC_STRINGS = YES;
				SWIFT_VERSION = 5.0;
				TARGETED_DEVICE_FAMILY = "1,2";
			};
			name = Debug;
		};
		CDCD4F0D2CB5DAE700D2E98F /* Release */ = {
			isa = XCBuildConfiguration;
			buildSettings = {
				ASSETCATALOG_COMPILER_APPICON_NAME = AppIcon;
				ASSETCATALOG_COMPILER_GLOBAL_ACCENT_COLOR_NAME = AccentColor;
				CODE_SIGN_STYLE = Automatic;
				CURRENT_PROJECT_VERSION = 1;
				DEVELOPMENT_ASSET_PATHS = "\"Macroify/Preview Content\"";
				DEVELOPMENT_TEAM = MZGVVRYJXL;
				ENABLE_PREVIEWS = YES;
				GENERATE_INFOPLIST_FILE = YES;
				INFOPLIST_KEY_UIApplicationSceneManifest_Generation = YES;
				INFOPLIST_KEY_UIApplicationSupportsIndirectInputEvents = YES;
				INFOPLIST_KEY_UILaunchScreen_Generation = YES;
				INFOPLIST_KEY_UISupportedInterfaceOrientations_iPad = "UIInterfaceOrientationPortrait UIInterfaceOrientationPortraitUpsideDown UIInterfaceOrientationLandscapeLeft UIInterfaceOrientationLandscapeRight";
				INFOPLIST_KEY_UISupportedInterfaceOrientations_iPhone = "UIInterfaceOrientationPortrait UIInterfaceOrientationLandscapeLeft UIInterfaceOrientationLandscapeRight";
				LD_RUNPATH_SEARCH_PATHS = (
					"$(inherited)",
					"@executable_path/Frameworks",
				);
				MARKETING_VERSION = 1.0;
				PRODUCT_BUNDLE_IDENTIFIER = abraham.Macroify;
				PRODUCT_NAME = "$(TARGET_NAME)";
				SWIFT_EMIT_LOC_STRINGS = YES;
				SWIFT_VERSION = 5.0;
				TARGETED_DEVICE_FAMILY = "1,2";
			};
			name = Release;
		};
		CDCD4F0F2CB5DAE700D2E98F /* Debug */ = {
			isa = XCBuildConfiguration;
			buildSettings = {
				BUNDLE_LOADER = "$(TEST_HOST)";
				CODE_SIGN_STYLE = Automatic;
				CURRENT_PROJECT_VERSION = 1;
				DEVELOPMENT_TEAM = MZGVVRYJXL;
				GENERATE_INFOPLIST_FILE = YES;
				IPHONEOS_DEPLOYMENT_TARGET = 18.0;
				MARKETING_VERSION = 1.0;
				PRODUCT_BUNDLE_IDENTIFIER = abraham.MacroifyTests;
				PRODUCT_NAME = "$(TARGET_NAME)";
				SWIFT_EMIT_LOC_STRINGS = NO;
				SWIFT_VERSION = 5.0;
				TARGETED_DEVICE_FAMILY = "1,2";
				TEST_HOST = "$(BUILT_PRODUCTS_DIR)/Macroify.app/$(BUNDLE_EXECUTABLE_FOLDER_PATH)/Macroify";
			};
			name = Debug;
		};
		CDCD4F102CB5DAE700D2E98F /* Release */ = {
			isa = XCBuildConfiguration;
			buildSettings = {
				BUNDLE_LOADER = "$(TEST_HOST)";
				CODE_SIGN_STYLE = Automatic;
				CURRENT_PROJECT_VERSION = 1;
				DEVELOPMENT_TEAM = MZGVVRYJXL;
				GENERATE_INFOPLIST_FILE = YES;
				IPHONEOS_DEPLOYMENT_TARGET = 18.0;
				MARKETING_VERSION = 1.0;
				PRODUCT_BUNDLE_IDENTIFIER = abraham.MacroifyTests;
				PRODUCT_NAME = "$(TARGET_NAME)";
				SWIFT_EMIT_LOC_STRINGS = NO;
				SWIFT_VERSION = 5.0;
				TARGETED_DEVICE_FAMILY = "1,2";
				TEST_HOST = "$(BUILT_PRODUCTS_DIR)/Macroify.app/$(BUNDLE_EXECUTABLE_FOLDER_PATH)/Macroify";
			};
			name = Release;
		};
		CDCD4F122CB5DAE700D2E98F /* Debug */ = {
			isa = XCBuildConfiguration;
			buildSettings = {
				CODE_SIGN_STYLE = Automatic;
				CURRENT_PROJECT_VERSION = 1;
				DEVELOPMENT_TEAM = MZGVVRYJXL;
				GENERATE_INFOPLIST_FILE = YES;
				MARKETING_VERSION = 1.0;
				PRODUCT_BUNDLE_IDENTIFIER = abraham.MacroifyUITests;
				PRODUCT_NAME = "$(TARGET_NAME)";
				SWIFT_EMIT_LOC_STRINGS = NO;
				SWIFT_VERSION = 5.0;
				TARGETED_DEVICE_FAMILY = "1,2";
				TEST_TARGET_NAME = Macroify;
			};
			name = Debug;
		};
		CDCD4F132CB5DAE700D2E98F /* Release */ = {
			isa = XCBuildConfiguration;
			buildSettings = {
				CODE_SIGN_STYLE = Automatic;
				CURRENT_PROJECT_VERSION = 1;
				DEVELOPMENT_TEAM = MZGVVRYJXL;
				GENERATE_INFOPLIST_FILE = YES;
				MARKETING_VERSION = 1.0;
				PRODUCT_BUNDLE_IDENTIFIER = abraham.MacroifyUITests;
				PRODUCT_NAME = "$(TARGET_NAME)";
				SWIFT_EMIT_LOC_STRINGS = NO;
				SWIFT_VERSION = 5.0;
				TARGETED_DEVICE_FAMILY = "1,2";
				TEST_TARGET_NAME = Macroify;
			};
			name = Release;
		};
/* End XCBuildConfiguration section */

/* Begin XCConfigurationList section */
		CDCD4EE22CB5DAE200D2E98F /* Build configuration list for PBXProject "Macroify" */ = {
			isa = XCConfigurationList;
			buildConfigurations = (
				CDCD4F092CB5DAE700D2E98F /* Debug */,
				CDCD4F0A2CB5DAE700D2E98F /* Release */,
			);
			defaultConfigurationIsVisible = 0;
			defaultConfigurationName = Release;
		};
		CDCD4F0B2CB5DAE700D2E98F /* Build configuration list for PBXNativeTarget "Macroify" */ = {
			isa = XCConfigurationList;
			buildConfigurations = (
				CDCD4F0C2CB5DAE700D2E98F /* Debug */,
				CDCD4F0D2CB5DAE700D2E98F /* Release */,
			);
			defaultConfigurationIsVisible = 0;
			defaultConfigurationName = Release;
		};
		CDCD4F0E2CB5DAE700D2E98F /* Build configuration list for PBXNativeTarget "MacroifyTests" */ = {
			isa = XCConfigurationList;
			buildConfigurations = (
				CDCD4F0F2CB5DAE700D2E98F /* Debug */,
				CDCD4F102CB5DAE700D2E98F /* Release */,
			);
			defaultConfigurationIsVisible = 0;
			defaultConfigurationName = Release;
		};
		CDCD4F112CB5DAE700D2E98F /* Build configuration list for PBXNativeTarget "MacroifyUITests" */ = {
			isa = XCConfigurationList;
			buildConfigurations = (
				CDCD4F122CB5DAE700D2E98F /* Debug */,
				CDCD4F132CB5DAE700D2E98F /* Release */,
			);
			defaultConfigurationIsVisible = 0;
			defaultConfigurationName = Release;
		};
/* End XCConfigurationList section */

/* Begin XCRemoteSwiftPackageReference section */
		CDCD4F142CB5DC3D00D2E98F /* XCRemoteSwiftPackageReference "firebase-ios-sdk" */ = {
			isa = XCRemoteSwiftPackageReference;
			repositoryURL = "https://github.com/firebase/firebase-ios-sdk.git";
			requirement = {
				kind = upToNextMajorVersion;
				minimumVersion = 11.3.0;
			};
		};
/* End XCRemoteSwiftPackageReference section */

/* Begin XCSwiftPackageProductDependency section */
		CDCD4F152CB5DC3D00D2E98F /* FirebaseAuth */ = {
			isa = XCSwiftPackageProductDependency;
			package = CDCD4F142CB5DC3D00D2E98F /* XCRemoteSwiftPackageReference "firebase-ios-sdk" */;
			productName = FirebaseAuth;
		};
		CDCD4F172CB5DC3D00D2E98F /* FirebaseFirestore */ = {
			isa = XCSwiftPackageProductDependency;
			package = CDCD4F142CB5DC3D00D2E98F /* XCRemoteSwiftPackageReference "firebase-ios-sdk" */;
			productName = FirebaseFirestore;
		};
		CDCD4F192CB5DC3D00D2E98F /* FirebaseStorage */ = {
			isa = XCSwiftPackageProductDependency;
			package = CDCD4F142CB5DC3D00D2E98F /* XCRemoteSwiftPackageReference "firebase-ios-sdk" */;
			productName = FirebaseStorage;
		};
		CDCD4F1C2CB5DC6900D2E98F /* FirebaseCore */ = {
			isa = XCSwiftPackageProductDependency;
			package = CDCD4F142CB5DC3D00D2E98F /* XCRemoteSwiftPackageReference "firebase-ios-sdk" */;
			productName = FirebaseCore;
		};
/* End XCSwiftPackageProductDependency section */
	};
	rootObject = CDCD4EDF2CB5DAE200D2E98F /* Project object */;
}
